
Microsoft Visual Studio Solution File, Format Version 12.00
# Visual Studio Version 16
VisualStudioVersion = 16.0.32802.440
MinimumVisualStudioVersion = 10.0.40219.1
Project("{FAE04EC0-301F-11D3-BF4B-00C04F79EFBC}") = "MyHousekeepingBook", "MyHousekeepingBook\MyHousekeepingBook.csproj", "{CCEFC3E6-BE31-4092-8DAD-311698E48E2F}"
EndProject
Global
	GlobalSection(SolutionConfigurationPlatforms) = preSolution
		Debug|Any CPU = Debug|Any CPU
		Release|Any CPU = Release|Any CPU
	EndGlobalSection
	GlobalSection(ProjectConfigurationPlatforms) = postSolution
		{CCEFC3E6-BE31-4092-8DAD-311698E48E2F}.Debug|Any CPU.ActiveCfg = Debug|Any CPU
		{CCEFC3E6-BE31-4092-8DAD-311698E48E2F}.Debug|Any CPU.Build.0 = Debug|Any CPU
		{CCEFC3E6-BE31-4092-8DAD-311698E48E2F}.Release|Any CPU.ActiveCfg = Release|Any CPU
		{CCEFC3E6-BE31-4092-8DAD-311698E48E2F}.Release|Any CPU.Build.0 = Release|Any CPU
	EndGlobalSection
	GlobalSection(SolutionProperties) = preSolution
		HideSolutionNode = FALSE
	EndGlobalSection
	GlobalSection(ExtensibilityGlobals) = postSolution
		SolutionGuid = {C533DA8E-80AD-458E-8BDB-37D81430FAFC}
	EndGlobalSection
EndGlobal
